
Microsoft Visual Studio Solution File, Format Version 12.00
# Visual Studio Version 16
VisualStudioVersion = 16.0.30011.22
MinimumVisualStudioVersion = 10.0.40219.1
Project("{9A19103F-16F7-4668-BE54-9A1E7A4F7556}") = "WebApi", "WebApi\WebApi.csproj", "{34490746-7447-43D4-AB00-15B7E5DEBCBE}"
EndProject
Project("{9A19103F-16F7-4668-BE54-9A1E7A4F7556}") = "WebApi.EF", "WebApi.EF\WebApi.EF.csproj", "{321998D6-1B8E-4B28-ADF3-3F6B61A098CA}"
EndProject
Project("{FAE04EC0-301F-11D3-BF4B-00C04F79EFBC}") = "WebApi.Repo", "WebApi.Repo\WebApi.Repo.csproj", "{256612CE-C3DE-423F-A7F9-6CD6BE65F1B3}"
EndProject
Project("{FAE04EC0-301F-11D3-BF4B-00C04F79EFBC}") = "WebApi.Dto", "WebApi.Dto\WebApi.Dto.csproj", "{375B577E-E6E7-4692-803C-D6B31218A704}"
EndProject
Project("{FAE04EC0-301F-11D3-BF4B-00C04F79EFBC}") = "WebApi.Manager", "WebApi.Manager\WebApi.Manager.csproj", "{72709B8E-CAE5-4D45-BF81-16159BF032E2}"
EndProject
Project("{FAE04EC0-301F-11D3-BF4B-00C04F79EFBC}") = "WebApi.Helper", "WebApi.Helper\WebApi.Helper.csproj", "{6824CDD2-B033-44EE-B66F-68C83F0FE813}"
EndProject
Global
	GlobalSection(SolutionConfigurationPlatforms) = preSolution
		Debug|Any CPU = Debug|Any CPU
		Release|Any CPU = Release|Any CPU
	EndGlobalSection
	GlobalSection(ProjectConfigurationPlatforms) = postSolution
		{34490746-7447-43D4-AB00-15B7E5DEBCBE}.Debug|Any CPU.ActiveCfg = Debug|Any CPU
		{34490746-7447-43D4-AB00-15B7E5DEBCBE}.Debug|Any CPU.Build.0 = Debug|Any CPU
		{34490746-7447-43D4-AB00-15B7E5DEBCBE}.Release|Any CPU.ActiveCfg = Release|Any CPU
		{34490746-7447-43D4-AB00-15B7E5DEBCBE}.Release|Any CPU.Build.0 = Release|Any CPU
		{321998D6-1B8E-4B28-ADF3-3F6B61A098CA}.Debug|Any CPU.ActiveCfg = Debug|Any CPU
		{321998D6-1B8E-4B28-ADF3-3F6B61A098CA}.Debug|Any CPU.Build.0 = Debug|Any CPU
		{321998D6-1B8E-4B28-ADF3-3F6B61A098CA}.Release|Any CPU.ActiveCfg = Release|Any CPU
		{321998D6-1B8E-4B28-ADF3-3F6B61A098CA}.Release|Any CPU.Build.0 = Release|Any CPU
		{256612CE-C3DE-423F-A7F9-6CD6BE65F1B3}.Debug|Any CPU.ActiveCfg = Debug|Any CPU
		{256612CE-C3DE-423F-A7F9-6CD6BE65F1B3}.Debug|Any CPU.Build.0 = Debug|Any CPU
		{256612CE-C3DE-423F-A7F9-6CD6BE65F1B3}.Release|Any CPU.ActiveCfg = Release|Any CPU
		{256612CE-C3DE-423F-A7F9-6CD6BE65F1B3}.Release|Any CPU.Build.0 = Release|Any CPU
		{375B577E-E6E7-4692-803C-D6B31218A704}.Debug|Any CPU.ActiveCfg = Debug|Any CPU
		{375B577E-E6E7-4692-803C-D6B31218A704}.Debug|Any CPU.Build.0 = Debug|Any CPU
		{375B577E-E6E7-4692-803C-D6B31218A704}.Release|Any CPU.ActiveCfg = Release|Any CPU
		{375B577E-E6E7-4692-803C-D6B31218A704}.Release|Any CPU.Build.0 = Release|Any CPU
		{72709B8E-CAE5-4D45-BF81-16159BF032E2}.Debug|Any CPU.ActiveCfg = Debug|Any CPU
		{72709B8E-CAE5-4D45-BF81-16159BF032E2}.Debug|Any CPU.Build.0 = Debug|Any CPU
		{72709B8E-CAE5-4D45-BF81-16159BF032E2}.Release|Any CPU.ActiveCfg = Release|Any CPU
		{72709B8E-CAE5-4D45-BF81-16159BF032E2}.Release|Any CPU.Build.0 = Release|Any CPU
		{6824CDD2-B033-44EE-B66F-68C83F0FE813}.Debug|Any CPU.ActiveCfg = Debug|Any CPU
		{6824CDD2-B033-44EE-B66F-68C83F0FE813}.Debug|Any CPU.Build.0 = Debug|Any CPU
		{6824CDD2-B033-44EE-B66F-68C83F0FE813}.Release|Any CPU.ActiveCfg = Release|Any CPU
		{6824CDD2-B033-44EE-B66F-68C83F0FE813}.Release|Any CPU.Build.0 = Release|Any CPU
	EndGlobalSection
	GlobalSection(SolutionProperties) = preSolution
		HideSolutionNode = FALSE
	EndGlobalSection
	GlobalSection(ExtensibilityGlobals) = postSolution
		SolutionGuid = {23B53016-791E-4A32-A8D0-E7A283CB2BEB}
	EndGlobalSection
EndGlobal
